// !$*UTF8*$!
{
	archiveVersion = 1;
	classes = {
	};
	objectVersion = 50;
	objects = {

/* Begin PBXBuildFile section */
		F53262EE2444E93300E128FA /* AppDelegate.swift in Sources */ = {isa = PBXBuildFile; fileRef = F53262ED2444E93300E128FA /* AppDelegate.swift */; };
		F53262F02444E93300E128FA /* SceneDelegate.swift in Sources */ = {isa = PBXBuildFile; fileRef = F53262EF2444E93300E128FA /* SceneDelegate.swift */; };
		F53262F22444E93300E128FA /* ViewController.swift in Sources */ = {isa = PBXBuildFile; fileRef = F53262F12444E93300E128FA /* ViewController.swift */; };
		F53262F52444E93300E128FA /* Main.storyboard in Resources */ = {isa = PBXBuildFile; fileRef = F53262F32444E93300E128FA /* Main.storyboard */; };
		F53262F72444E94B00E128FA /* Assets.xcassets in Resources */ = {isa = PBXBuildFile; fileRef = F53262F62444E94B00E128FA /* Assets.xcassets */; };
		F53262FA2444E94B00E128FA /* LaunchScreen.storyboard in Resources */ = {isa = PBXBuildFile; fileRef = F53262F82444E94B00E128FA /* LaunchScreen.storyboard */; };
		F532630224465ABD00E128FA /* AboutViewController.swift in Sources */ = {isa = PBXBuildFile; fileRef = F532630124465ABD00E128FA /* AboutViewController.swift */; };
		F53263042447760900E128FA /* AuthorViewController.swift in Sources */ = {isa = PBXBuildFile; fileRef = F53263032447760800E128FA /* AuthorViewController.swift */; };
		F53263082447D08B00E128FA /* BullsEye.html in Resources */ = {isa = PBXBuildFile; fileRef = F53263072447D08A00E128FA /* BullsEye.html */; };
/* End PBXBuildFile section */

/* Begin PBXFileReference section */
		F53262EA2444E93300E128FA /* BullsEye2.app */ = {isa = PBXFileReference; explicitFileType = wrapper.application; includeInIndex = 0; path = BullsEye2.app; sourceTree = BUILT_PRODUCTS_DIR; };
		F53262ED2444E93300E128FA /* AppDelegate.swift */ = {isa = PBXFileReference; lastKnownFileType = sourcecode.swift; path = AppDelegate.swift; sourceTree = "<group>"; };
		F53262EF2444E93300E128FA /* SceneDelegate.swift */ = {isa = PBXFileReference; lastKnownFileType = sourcecode.swift; path = SceneDelegate.swift; sourceTree = "<group>"; };
		F53262F12444E93300E128FA /* ViewController.swift */ = {isa = PBXFileReference; lastKnownFileType = sourcecode.swift; path = ViewController.swift; sourceTree = "<group>"; };
		F53262F42444E93300E128FA /* Base */ = {isa = PBXFileReference; lastKnownFileType = file.storyboard; name = Base; path = Base.lproj/Main.storyboard; sourceTree = "<group>"; };
		F53262F62444E94B00E128FA /* Assets.xcassets */ = {isa = PBXFileReference; lastKnownFileType = folder.assetcatalog; path = Assets.xcassets; sourceTree = "<group>"; };
		F53262F92444E94B00E128FA /* Base */ = {isa = PBXFileReference; lastKnownFileType = file.storyboard; name = Base; path = Base.lproj/LaunchScreen.storyboard; sourceTree = "<group>"; };
		F53262FB2444E94B00E128FA /* Info.plist */ = {isa = PBXFileReference; lastKnownFileType = text.plist.xml; path = Info.plist; sourceTree = "<group>"; };
		F532630124465ABD00E128FA /* AboutViewController.swift */ = {isa = PBXFileReference; lastKnownFileType = sourcecode.swift; path = AboutViewController.swift; sourceTree = "<group>"; };
		F53263032447760800E128FA /* AuthorViewController.swift */ = {isa = PBXFileReference; lastKnownFileType = sourcecode.swift; path = AuthorViewController.swift; sourceTree = "<group>"; };
		F53263072447D08A00E128FA /* BullsEye.html */ = {isa = PBXFileReference; fileEncoding = 4; lastKnownFileType = text.html; path = BullsEye.html; sourceTree = "<group>"; };
/* End PBXFileReference section */

/* Begin PBXFrameworksBuildPhase section */
		F53262E72444E93300E128FA /* Frameworks */ = {
			isa = PBXFrameworksBuildPhase;
			buildActionMask = 2147483647;
			files = (
			);
			runOnlyForDeploymentPostprocessing = 0;
		};
/* End PBXFrameworksBuildPhase section */

/* Begin PBXGroup section */
		F53262E12444E93200E128FA = {
			isa = PBXGroup;
			children = (
				F53262EC2444E93300E128FA /* BullsEye2 */,
				F53262EB2444E93300E128FA /* Products */,
			);
			sourceTree = "<group>";
		};
		F53262EB2444E93300E128FA /* Products */ = {
			isa = PBXGroup;
			children = (
				F53262EA2444E93300E128FA /* BullsEye2.app */,
			);
			name = Products;
			sourceTree = "<group>";
		};
		F53262EC2444E93300E128FA /* BullsEye2 */ = {
			isa = PBXGroup;
			children = (
				F53262ED2444E93300E128FA /* AppDelegate.swift */,
				F53262EF2444E93300E128FA /* SceneDelegate.swift */,
				F53262F12444E93300E128FA /* ViewController.swift */,
				F532630124465ABD00E128FA /* AboutViewController.swift */,
				F53262F32444E93300E128FA /* Main.storyboard */,
				F53263032447760800E128FA /* AuthorViewController.swift */,
				F53262F62444E94B00E128FA /* Assets.xcassets */,
				F53263072447D08A00E128FA /* BullsEye.html */,
				F53262F82444E94B00E128FA /* LaunchScreen.storyboard */,
				F53262FB2444E94B00E128FA /* Info.plist */,
			);
			path = BullsEye2;
			sourceTree = "<group>";
		};
/* End PBXGroup section */

/* Begin PBXNativeTarget section */
		F53262E92444E93300E128FA /* BullsEye2 */ = {
			isa = PBXNativeTarget;
			buildConfigurationList = F53262FE2444E94B00E128FA /* Build configuration list for PBXNativeTarget "BullsEye2" */;
			buildPhases = (
				F53262E62444E93300E128FA /* Sources */,
				F53262E72444E93300E128FA /* Frameworks */,
				F53262E82444E93300E128FA /* Resources */,
			);
			buildRules = (
			);
			dependencies = (
			);
			name = BullsEye2;
			productName = BullsEye2;
			productReference = F53262EA2444E93300E128FA /* BullsEye2.app */;
			productType = "com.apple.product-type.application";
		};
/* End PBXNativeTarget section */

/* Begin PBXProject section */
		F53262E22444E93300E128FA /* Project object */ = {
			isa = PBXProject;
			attributes = {
				LastSwiftUpdateCheck = 1140;
				LastUpgradeCheck = 1140;
				ORGANIZATIONNAME = "Bruna Fernanda Drago";
				TargetAttributes = {
					F53262E92444E93300E128FA = {
						CreatedOnToolsVersion = 11.4;
					};
				};
			};
			buildConfigurationList = F53262E52444E93300E128FA /* Build configuration list for PBXProject "BullsEye2" */;
			compatibilityVersion = "Xcode 9.3";
			developmentRegion = en;
			hasScannedForEncodings = 0;
			knownRegions = (
				en,
				Base,
			);
			mainGroup = F53262E12444E93200E128FA;
			productRefGroup = F53262EB2444E93300E128FA /* Products */;
			projectDirPath = "";
			projectRoot = "";
			targets = (
				F53262E92444E93300E128FA /* BullsEye2 */,
			);
		};
/* End PBXProject section */

/* Begin PBXResourcesBuildPhase section */
		F53262E82444E93300E128FA /* Resources */ = {
			isa = PBXResourcesBuildPhase;
			buildActionMask = 2147483647;
			files = (
				F53262FA2444E94B00E128FA /* LaunchScreen.storyboard in Resources */,
				F53263082447D08B00E128FA /* BullsEye.html in Resources */,
				F53262F72444E94B00E128FA /* Assets.xcassets in Resources */,
				F53262F52444E93300E128FA /* Main.storyboard in Resources */,
			);
			runOnlyForDeploymentPostprocessing = 0;
		};
/* End PBXResourcesBuildPhase section */

/* Begin PBXSourcesBuildPhase section */
		F53262E62444E93300E128FA /* Sources */ = {
			isa = PBXSourcesBuildPhase;
			buildActionMask = 2147483647;
			files = (
				F53262F22444E93300E128FA /* ViewController.swift in Sources */,
				F53263042447760900E128FA /* AuthorViewController.swift in Sources */,
				F53262EE2444E93300E128FA /* AppDelegate.swift in Sources */,
				F532630224465ABD00E128FA /* AboutViewController.swift in Sources */,
				F53262F02444E93300E128FA /* SceneDelegate.swift in Sources */,
			);
			runOnlyForDeploymentPostprocessing = 0;
		};
/* End PBXSourcesBuildPhase section */

/* Begin PBXVariantGroup section */
		F53262F32444E93300E128FA /* Main.storyboard */ = {
			isa = PBXVariantGroup;
			children = (
				F53262F42444E93300E128FA /* Base */,
			);
			name = Main.storyboard;
			sourceTree = "<group>";
		};
		F53262F82444E94B00E128FA /* LaunchScreen.storyboard */ = {
			isa = PBXVariantGroup;
			children = (
				F53262F92444E94B00E128FA /* Base */,
			);
			name = LaunchScreen.storyboard;
			sourceTree = "<group>";
		};
/* End PBXVariantGroup section */

/* Begin XCBuildConfiguration section */
		F53262FC2444E94B00E128FA /* Debug */ = {
			isa = XCBuildConfiguration;
			buildSettings = {
				ALWAYS_SEARCH_USER_PATHS = NO;
				CLANG_ANALYZER_NONNULL = YES;
				CLANG_ANALYZER_NUMBER_OBJECT_CONVERSION = YES_AGGRESSIVE;
				CLANG_CXX_LANGUAGE_STANDARD = "gnu++14";
				CLANG_CXX_LIBRARY = "libc++";
				CLANG_ENABLE_MODULES = YES;
				CLANG_ENABLE_OBJC_ARC = YES;
				CLANG_ENABLE_OBJC_WEAK = YES;
				CLANG_WARN_BLOCK_CAPTURE_AUTORELEASING = YES;
				CLANG_WARN_BOOL_CONVERSION = YES;
				CLANG_WARN_COMMA = YES;
				CLANG_WARN_CONSTANT_CONVERSION = YES;
				CLANG_WARN_DEPRECATED_OBJC_IMPLEMENTATIONS = YES;
				CLANG_WARN_DIRECT_OBJC_ISA_USAGE = YES_ERROR;
				CLANG_WARN_DOCUMENTATION_COMMENTS = YES;
				CLANG_WARN_EMPTY_BODY = YES;
				CLANG_WARN_ENUM_CONVERSION = YES;
				CLANG_WARN_INFINITE_RECURSION = YES;
				CLANG_WARN_INT_CONVERSION = YES;
				CLANG_WARN_NON_LITERAL_NULL_CONVERSION = YES;
				CLANG_WARN_OBJC_IMPLICIT_RETAIN_SELF = YES;
				CLANG_WARN_OBJC_LITERAL_CONVERSION = YES;
				CLANG_WARN_OBJC_ROOT_CLASS = YES_ERROR;
				CLANG_WARN_RANGE_LOOP_ANALYSIS = YES;
				CLANG_WARN_STRICT_PROTOTYPES = YES;
				CLANG_WARN_SUSPICIOUS_MOVE = YES;
				CLANG_WARN_UNGUARDED_AVAILABILITY = YES_AGGRESSIVE;
				CLANG_WARN_UNREACHABLE_CODE = YES;
				CLANG_WARN__DUPLICATE_METHOD_MATCH = YES;
				COPY_PHASE_STRIP = NO;
				DEBUG_INFORMATION_FORMAT = dwarf;
				ENABLE_STRICT_OBJC_MSGSEND = YES;
				ENABLE_TESTABILITY = YES;
				GCC_C_LANGUAGE_STANDARD = gnu11;
				GCC_DYNAMIC_NO_PIC = NO;
				GCC_NO_COMMON_BLOCKS = YES;
				GCC_OPTIMIZATION_LEVEL = 0;
				GCC_PREPROCESSOR_DEFINITIONS = (
					"DEBUG=1",
					"$(inherited)",
				);
				GCC_WARN_64_TO_32_BIT_CONVERSION = YES;
				GCC_WARN_ABOUT_RETURN_TYPE = YES_ERROR;
				GCC_WARN_UNDECLARED_SELECTOR = YES;
				GCC_WARN_UNINITIALIZED_AUTOS = YES_AGGRESSIVE;
				GCC_WARN_UNUSED_FUNCTION = YES;
				GCC_WARN_UNUSED_VARIABLE = YES;
				IPHONEOS_DEPLOYMENT_TARGET = 13.4;
				MTL_ENABLE_DEBUG_INFO = INCLUDE_SOURCE;
				MTL_FAST_MATH = YES;
				ONLY_ACTIVE_ARCH = YES;
				SDKROOT = iphoneos;
				SWIFT_ACTIVE_COMPILATION_CONDITIONS = DEBUG;
				SWIFT_OPTIMIZATION_LEVEL = "-Onone";
			};
			name = Debug;
		};
		F53262FD2444E94B00E128FA /* Release */ = {
			isa = XCBuildConfiguration;
			buildSettings = {
				ALWAYS_SEARCH_USER_PATHS = NO;
				CLANG_ANALYZER_NONNULL = YES;
				CLANG_ANALYZER_NUMBER_OBJECT_CONVERSION = YES_AGGRESSIVE;
				CLANG_CXX_LANGUAGE_STANDARD = "gnu++14";
				CLANG_CXX_LIBRARY = "libc++";
				CLANG_ENABLE_MODULES = YES;
				CLANG_ENABLE_OBJC_ARC = YES;
				CLANG_ENABLE_OBJC_WEAK = YES;
				CLANG_WARN_BLOCK_CAPTURE_AUTORELEASING = YES;
				CLANG_WARN_BOOL_CONVERSION = YES;
				CLANG_WARN_COMMA = YES;
				CLANG_WARN_CONSTANT_CONVERSION = YES;
				CLANG_WARN_DEPRECATED_OBJC_IMPLEMENTATIONS = YES;
				CLANG_WARN_DIRECT_OBJC_ISA_USAGE = YES_ERROR;
				CLANG_WARN_DOCUMENTATION_COMMENTS = YES;
				CLANG_WARN_EMPTY_BODY = YES;
				CLANG_WARN_ENUM_CONVERSION = YES;
				CLANG_WARN_INFINITE_RECURSION = YES;
				CLANG_WARN_INT_CONVERSION = YES;
				CLANG_WARN_NON_LITERAL_NULL_CONVERSION = YES;
				CLANG_WARN_OBJC_IMPLICIT_RETAIN_SELF = YES;
				CLANG_WARN_OBJC_LITERAL_CONVERSION = YES;
				CLANG_WARN_OBJC_ROOT_CLASS = YES_ERROR;
				CLANG_WARN_RANGE_LOOP_ANALYSIS = YES;
				CLANG_WARN_STRICT_PROTOTYPES = YES;
				CLANG_WARN_SUSPICIOUS_MOVE = YES;
				CLANG_WARN_UNGUARDED_AVAILABILITY = YES_AGGRESSIVE;
				CLANG_WARN_UNREACHABLE_CODE = YES;
				CLANG_WARN__DUPLICATE_METHOD_MATCH = YES;
				COPY_PHASE_STRIP = NO;
				DEBUG_INFORMATION_FORMAT = "dwarf-with-dsym";
				ENABLE_NS_ASSERTIONS = NO;
				ENABLE_STRICT_OBJC_MSGSEND = YES;
				GCC_C_LANGUAGE_STANDARD = gnu11;
				GCC_NO_COMMON_BLOCKS = YES;
				GCC_WARN_64_TO_32_BIT_CONVERSION = YES;
				GCC_WARN_ABOUT_RETURN_TYPE = YES_ERROR;
				GCC_WARN_UNDECLARED_SELECTOR = YES;
				GCC_WARN_UNINITIALIZED_AUTOS = YES_AGGRESSIVE;
				GCC_WARN_UNUSED_FUNCTION = YES;
				GCC_WARN_UNUSED_VARIABLE = YES;
				IPHONEOS_DEPLOYMENT_TARGET = 13.4;
				MTL_ENABLE_DEBUG_INFO = NO;
				MTL_FAST_MATH = YES;
				SDKROOT = iphoneos;
				SWIFT_COMPILATION_MODE = wholemodule;
				SWIFT_OPTIMIZATION_LEVEL = "-O";
				VALIDATE_PRODUCT = YES;
			};
			name = Release;
		};
		F53262FF2444E94B00E128FA /* Debug */ = {
			isa = XCBuildConfiguration;
			buildSettings = {
				ASSETCATALOG_COMPILER_APPICON_NAME = AppIcon;
				CODE_SIGN_STYLE = Automatic;
				DEVELOPMENT_TEAM = 5882QKM9XK;
				INFOPLIST_FILE = BullsEye2/Info.plist;
				LD_RUNPATH_SEARCH_PATHS = (
					"$(inherited)",
					"@executable_path/Frameworks",
				);
				PRODUCT_BUNDLE_IDENTIFIER = com.drago.BullsEye2;
				PRODUCT_NAME = "$(TARGET_NAME)";
				SWIFT_VERSION = 5.0;
				TARGETED_DEVICE_FAMILY = "1,2";
			};
			name = Debug;
		};
		F53263002444E94B00E128FA /* Release */ = {
			isa = XCBuildConfiguration;
			buildSettings = {
				ASSETCATALOG_COMPILER_APPICON_NAME = AppIcon;
				CODE_SIGN_STYLE = Automatic;
				DEVELOPMENT_TEAM = 5882QKM9XK;
				INFOPLIST_FILE = BullsEye2/Info.plist;
				LD_RUNPATH_SEARCH_PATHS = (
					"$(inherited)",
					"@executable_path/Frameworks",
				);
				PRODUCT_BUNDLE_IDENTIFIER = com.drago.BullsEye2;
				PRODUCT_NAME = "$(TARGET_NAME)";
				SWIFT_VERSION = 5.0;
				TARGETED_DEVICE_FAMILY = "1,2";
			};
			name = Release;
		};
/* End XCBuildConfiguration section */

/* Begin XCConfigurationList section */
		F53262E52444E93300E128FA /* Build configuration list for PBXProject "BullsEye2" */ = {
			isa = XCConfigurationList;
			buildConfigurations = (
				F53262FC2444E94B00E128FA /* Debug */,
				F53262FD2444E94B00E128FA /* Release */,
			);
			defaultConfigurationIsVisible = 0;
			defaultConfigurationName = Release;
		};
		F53262FE2444E94B00E128FA /* Build configuration list for PBXNativeTarget "BullsEye2" */ = {
			isa = XCConfigurationList;
			buildConfigurations = (
				F53262FF2444E94B00E128FA /* Debug */,
				F53263002444E94B00E128FA /* Release */,
			);
			defaultConfigurationIsVisible = 0;
			defaultConfigurationName = Release;
		};
/* End XCConfigurationList section */
	};
	rootObject = F53262E22444E93300E128FA /* Project object */;
}
